
Microsoft Visual Studio Solution File, Format Version 12.00
# Visual Studio Version 16
VisualStudioVersion = 16.0.30128.74
MinimumVisualStudioVersion = 10.0.40219.1
Project("{8BC9CEB8-8B4A-11D0-8D11-00A0C91BC942}") = "임세이_morse.c", "임세이_morse.c\임세이_morse.c.vcxproj", "{C1348A84-D22A-4AB1-8A49-E4425037EBF3}"
EndProject
Global
	GlobalSection(SolutionConfigurationPlatforms) = preSolution
		Debug|x64 = Debug|x64
		Debug|x86 = Debug|x86
		Release|x64 = Release|x64
		Release|x86 = Release|x86
	EndGlobalSection
	GlobalSection(ProjectConfigurationPlatforms) = postSolution
		{C1348A84-D22A-4AB1-8A49-E4425037EBF3}.Debug|x64.ActiveCfg = Debug|x64
		{C1348A84-D22A-4AB1-8A49-E4425037EBF3}.Debug|x64.Build.0 = Debug|x64
		{C1348A84-D22A-4AB1-8A49-E4425037EBF3}.Debug|x86.ActiveCfg = Debug|Win32
		{C1348A84-D22A-4AB1-8A49-E4425037EBF3}.Debug|x86.Build.0 = Debug|Win32
		{C1348A84-D22A-4AB1-8A49-E4425037EBF3}.Release|x64.ActiveCfg = Release|x64
		{C1348A84-D22A-4AB1-8A49-E4425037EBF3}.Release|x64.Build.0 = Release|x64
		{C1348A84-D22A-4AB1-8A49-E4425037EBF3}.Release|x86.ActiveCfg = Release|Win32
		{C1348A84-D22A-4AB1-8A49-E4425037EBF3}.Release|x86.Build.0 = Release|Win32
	EndGlobalSection
	GlobalSection(SolutionProperties) = preSolution
		HideSolutionNode = FALSE
	EndGlobalSection
	GlobalSection(ExtensibilityGlobals) = postSolution
		SolutionGuid = {E4A70CF7-5315-4FFF-82A8-EE0A4AA1EB06}
	EndGlobalSection
EndGlobal
